
Microsoft Visual Studio Solution File, Format Version 12.00
# Visual Studio Version 16
VisualStudioVersion = 16.0.30114.105
MinimumVisualStudioVersion = 10.0.40219.1
Project("{FAE04EC0-301F-11D3-BF4B-00C04F79EFBC}") = "MountAws", "MountAws\MountAws.csproj", "{D7A86A8F-DF9E-4638-A079-37621C144505}"
EndProject
Project("{2150E333-8FDC-42A3-9474-1A3956D46DE8}") = "SolutionFiles", "SolutionFiles", "{E9039289-EAD2-4A1C-861A-6F8A49907639}"
	ProjectSection(SolutionItems) = preProject
		testenv.ps1 = testenv.ps1
		README.md = README.md
	EndProjectSection
EndProject
Project("{FAE04EC0-301F-11D3-BF4B-00C04F79EFBC}") = "MountAnything", "MountAnything\MountAnything.csproj", "{CA79A7BB-5873-4536-B629-8372E6458AE3}"
EndProject
Global
	GlobalSection(SolutionConfigurationPlatforms) = preSolution
		Debug|Any CPU = Debug|Any CPU
		Release|Any CPU = Release|Any CPU
	EndGlobalSection
	GlobalSection(SolutionProperties) = preSolution
		HideSolutionNode = FALSE
	EndGlobalSection
	GlobalSection(ProjectConfigurationPlatforms) = postSolution
		{D7A86A8F-DF9E-4638-A079-37621C144505}.Debug|Any CPU.ActiveCfg = Debug|Any CPU
		{D7A86A8F-DF9E-4638-A079-37621C144505}.Debug|Any CPU.Build.0 = Debug|Any CPU
		{D7A86A8F-DF9E-4638-A079-37621C144505}.Release|Any CPU.ActiveCfg = Release|Any CPU
		{D7A86A8F-DF9E-4638-A079-37621C144505}.Release|Any CPU.Build.0 = Release|Any CPU
		{CA79A7BB-5873-4536-B629-8372E6458AE3}.Debug|Any CPU.ActiveCfg = Debug|Any CPU
		{CA79A7BB-5873-4536-B629-8372E6458AE3}.Debug|Any CPU.Build.0 = Debug|Any CPU
		{CA79A7BB-5873-4536-B629-8372E6458AE3}.Release|Any CPU.ActiveCfg = Release|Any CPU
		{CA79A7BB-5873-4536-B629-8372E6458AE3}.Release|Any CPU.Build.0 = Release|Any CPU
	EndGlobalSection
EndGlobal
